// !$*UTF8*$!
{
	archiveVersion = 1;
	classes = {
	};
	objectVersion = 46;
	objects = {

/* Begin PBXBuildFile section */
		D60934A61684DE2800F85074 /* JoystickInput.cpp in Sources */ = {isa = PBXBuildFile; fileRef = D60934A41684DE2800F85074 /* JoystickInput.cpp */; };
		D60934B21684EC0400F85074 /* XYInput.cpp in Sources */ = {isa = PBXBuildFile; fileRef = D60934B01684EC0300F85074 /* XYInput.cpp */; };
		D60934B91684EC6300F85074 /* XYState.cpp in Sources */ = {isa = PBXBuildFile; fileRef = D60934B71684EC6300F85074 /* XYState.cpp */; };
		D60934C11685007000F85074 /* aps_input_JoystickInput.cpp in Sources */ = {isa = PBXBuildFile; fileRef = D60934BB1685007000F85074 /* aps_input_JoystickInput.cpp */; };
		D60934C21685007000F85074 /* aps_input_XYState.cpp in Sources */ = {isa = PBXBuildFile; fileRef = D60934BE1685007000F85074 /* aps_input_XYState.cpp */; };
		D60A7A0F166520C900AE87C5 /* main.cpp in Sources */ = {isa = PBXBuildFile; fileRef = D60A7A0E166520C900AE87C5 /* main.cpp */; };
		D60A7A11166520C900AE87C5 /* GLFWTest.1 in CopyFiles */ = {isa = PBXBuildFile; fileRef = D60A7A10166520C900AE87C5 /* GLFWTest.1 */; };
		D60A7A18166521EC00AE87C5 /* libglfw.a in Frameworks */ = {isa = PBXBuildFile; fileRef = D60A7A17166521EC00AE87C5 /* libglfw.a */; };
		D60A7A1A1665228300AE87C5 /* OpenGL.framework in Frameworks */ = {isa = PBXBuildFile; fileRef = D60A7A191665228300AE87C5 /* OpenGL.framework */; };
		D60C6650166DE78A005C7CC8 /* Texture2D.cpp in Sources */ = {isa = PBXBuildFile; fileRef = D6965BAD166B8B7900C6E53C /* Texture2D.cpp */; };
		D60C6658166DF004005C7CC8 /* OpenAL.framework in Frameworks */ = {isa = PBXBuildFile; fileRef = D60C6657166DF004005C7CC8 /* OpenAL.framework */; };
		D60C665C166DF203005C7CC8 /* LuaManager.cpp in Sources */ = {isa = PBXBuildFile; fileRef = D60C665A166DF203005C7CC8 /* LuaManager.cpp */; };
		D61240D416846F2A00298B2E /* aps_sound_Mixer.cpp in Sources */ = {isa = PBXBuildFile; fileRef = D61240D216846F2A00298B2E /* aps_sound_Mixer.cpp */; };
		D61880B5167192B2006E94EE /* MersenneTwister.cpp in Sources */ = {isa = PBXBuildFile; fileRef = D61880B3167192B2006E94EE /* MersenneTwister.cpp */; };
		D61880B916719473006E94EE /* aps_random_MersenneTwister.cpp in Sources */ = {isa = PBXBuildFile; fileRef = D61880B616719473006E94EE /* aps_random_MersenneTwister.cpp */; };
		D634CDD2166C9DF300BA5F0B /* ShapeElement.cpp in Sources */ = {isa = PBXBuildFile; fileRef = D6965BB8166B95E800C6E53C /* ShapeElement.cpp */; };
		D634CDD3166C9DFC00BA5F0B /* GLFW.cpp in Sources */ = {isa = PBXBuildFile; fileRef = D60A7A1B1665282300AE87C5 /* GLFW.cpp */; };
		D6760C0B1675E3D6005B9821 /* ShapeEngine.cpp in Sources */ = {isa = PBXBuildFile; fileRef = D6760C091675E3D6005B9821 /* ShapeEngine.cpp */; };
		D6760C2016778BAA005B9821 /* liblua.5.1.4.dylib in Frameworks */ = {isa = PBXBuildFile; fileRef = D60C6655166DEAC6005C7CC8 /* liblua.5.1.4.dylib */; };
		D69134501680872700BDBFB3 /* Buffer.cpp in Sources */ = {isa = PBXBuildFile; fileRef = D691344C1680872700BDBFB3 /* Buffer.cpp */; };
		D69134511680872700BDBFB3 /* Source.cpp in Sources */ = {isa = PBXBuildFile; fileRef = D691344E1680872700BDBFB3 /* Source.cpp */; };
		D69134561680893E00BDBFB3 /* Device.cpp in Sources */ = {isa = PBXBuildFile; fileRef = D69134541680893E00BDBFB3 /* Device.cpp */; };
		D69134591680B8D700BDBFB3 /* Context.cpp in Sources */ = {isa = PBXBuildFile; fileRef = D69134571680B8D700BDBFB3 /* Context.cpp */; };
		D691345B1680CBDA00BDBFB3 /* libogg.a in Frameworks */ = {isa = PBXBuildFile; fileRef = D691345A1680CBD900BDBFB3 /* libogg.a */; };
		D691345E1680CC3400BDBFB3 /* libvorbis.a in Frameworks */ = {isa = PBXBuildFile; fileRef = D691345C1680CC3400BDBFB3 /* libvorbis.a */; };
		D691345F1680CC3400BDBFB3 /* libvorbisfile.a in Frameworks */ = {isa = PBXBuildFile; fileRef = D691345D1680CC3400BDBFB3 /* libvorbisfile.a */; };
		D6913471168234CD00BDBFB3 /* Mixer.cpp in Sources */ = {isa = PBXBuildFile; fileRef = D691346D168234CD00BDBFB3 /* Mixer.cpp */; };
		D6913472168234CD00BDBFB3 /* Vorbis.cpp in Sources */ = {isa = PBXBuildFile; fileRef = D691346F168234CD00BDBFB3 /* Vorbis.cpp */; };
		D69134751682354400BDBFB3 /* Wave.cpp in Sources */ = {isa = PBXBuildFile; fileRef = D69134731682354400BDBFB3 /* Wave.cpp */; };
		D691347C1683091E00BDBFB3 /* MediaFile.cpp in Sources */ = {isa = PBXBuildFile; fileRef = D691347A1683091E00BDBFB3 /* MediaFile.cpp */; };
		D691348116831A1600BDBFB3 /* BinaryReader.cpp in Sources */ = {isa = PBXBuildFile; fileRef = D691347F16831A1600BDBFB3 /* BinaryReader.cpp */; };
		D6965BAF166B8B7900C6E53C /* GlyphBitmap.cpp in Sources */ = {isa = PBXBuildFile; fileRef = D6965BA7166B8B7900C6E53C /* GlyphBitmap.cpp */; };
		D6965BB1166B8B7900C6E53C /* Manager.cpp in Sources */ = {isa = PBXBuildFile; fileRef = D6965BAA166B8B7900C6E53C /* Manager.cpp */; };
		D6965BB5166B921E00C6E53C /* libfreetype.a in Frameworks */ = {isa = PBXBuildFile; fileRef = D6965BB4166B921E00C6E53C /* libfreetype.a */; };
		D6965BBA166B95E900C6E53C /* ShapeContainer.cpp in Sources */ = {isa = PBXBuildFile; fileRef = D6965BB6166B95E800C6E53C /* ShapeContainer.cpp */; };
		D6965BC3166BA42500C6E53C /* Fontex.cpp in Sources */ = {isa = PBXBuildFile; fileRef = D6965BC1166BA42500C6E53C /* Fontex.cpp */; };
		D6FD449E166E4365009F9455 /* libtolua++.a in Frameworks */ = {isa = PBXBuildFile; fileRef = D6FD449D166E4365009F9455 /* libtolua++.a */; };
		D6FD44A3166E4399009F9455 /* aps_font_Manager.cpp in Sources */ = {isa = PBXBuildFile; fileRef = D6FD44A1166E4399009F9455 /* aps_font_Manager.cpp */; };
		D6FD44AA166E45DD009F9455 /* aps_gl_ShapeContainer.cpp in Sources */ = {isa = PBXBuildFile; fileRef = D6FD44A4166E45DD009F9455 /* aps_gl_ShapeContainer.cpp */; };
		D6FD44AB166E45DD009F9455 /* aps_gl_ShapeElement.cpp in Sources */ = {isa = PBXBuildFile; fileRef = D6FD44A6166E45DD009F9455 /* aps_gl_ShapeElement.cpp */; };
		D6FD44AC166E45DD009F9455 /* aps_gl_Texture2D.cpp in Sources */ = {isa = PBXBuildFile; fileRef = D6FD44A8166E45DD009F9455 /* aps_gl_Texture2D.cpp */; };
		D6FD44B0166E47CD009F9455 /* aps_fontex_Fontex.cpp in Sources */ = {isa = PBXBuildFile; fileRef = D6FD44AF166E47CD009F9455 /* aps_fontex_Fontex.cpp */; };
		D6FD44B9166E4991009F9455 /* BindToLua.h in Sources */ = {isa = PBXBuildFile; fileRef = D6FD44B8166E496A009F9455 /* BindToLua.h */; };
		D6FD44C0166E6E3C009F9455 /* Color.cpp in Sources */ = {isa = PBXBuildFile; fileRef = D6FD44BE166E6E3C009F9455 /* Color.cpp */; };
		D6FD44C5166E74F0009F9455 /* aps_gl_Color.cpp in Sources */ = {isa = PBXBuildFile; fileRef = D6FD44C3166E74EF009F9455 /* aps_gl_Color.cpp */; };
		D6FE77AF1670D89600EF11D8 /* ButtonInput.cpp in Sources */ = {isa = PBXBuildFile; fileRef = D6FE77A91670D89600EF11D8 /* ButtonInput.cpp */; };
		D6FE77B01670D89600EF11D8 /* ButtonState.cpp in Sources */ = {isa = PBXBuildFile; fileRef = D6FE77AB1670D89600EF11D8 /* ButtonState.cpp */; };
		D6FE77B11670D89600EF11D8 /* KeyBoardInput.cpp in Sources */ = {isa = PBXBuildFile; fileRef = D6FE77AD1670D89600EF11D8 /* KeyBoardInput.cpp */; };
		D6FE77B81670E4D200EF11D8 /* aps_input_ButtonState.cpp in Sources */ = {isa = PBXBuildFile; fileRef = D6FE77B21670E4CE00EF11D8 /* aps_input_ButtonState.cpp */; };
		D6FE77B91670E4D200EF11D8 /* aps_input_KeyBoardInput.cpp in Sources */ = {isa = PBXBuildFile; fileRef = D6FE77B51670E4D000EF11D8 /* aps_input_KeyBoardInput.cpp */; };
/* End PBXBuildFile section */

/* Begin PBXCopyFilesBuildPhase section */
		D60A7A08166520C800AE87C5 /* CopyFiles */ = {
			isa = PBXCopyFilesBuildPhase;
			buildActionMask = 2147483647;
			dstPath = /usr/share/man/man1/;
			dstSubfolderSpec = 0;
			files = (
				D60A7A11166520C900AE87C5 /* GLFWTest.1 in CopyFiles */,
			);
			runOnlyForDeploymentPostprocessing = 1;
		};
/* End PBXCopyFilesBuildPhase section */

/* Begin PBXFileReference section */
		D60934A41684DE2800F85074 /* JoystickInput.cpp */ = {isa = PBXFileReference; fileEncoding = 4; lastKnownFileType = sourcecode.cpp.cpp; path = JoystickInput.cpp; sourceTree = "<group>"; };
		D60934A51684DE2800F85074 /* JoystickInput.h */ = {isa = PBXFileReference; fileEncoding = 4; lastKnownFileType = sourcecode.c.h; path = JoystickInput.h; sourceTree = "<group>"; };
		D60934B01684EC0300F85074 /* XYInput.cpp */ = {isa = PBXFileReference; fileEncoding = 4; lastKnownFileType = sourcecode.cpp.cpp; path = XYInput.cpp; sourceTree = "<group>"; };
		D60934B11684EC0300F85074 /* XYInput.h */ = {isa = PBXFileReference; fileEncoding = 4; lastKnownFileType = sourcecode.c.h; path = XYInput.h; sourceTree = "<group>"; };
		D60934B71684EC6300F85074 /* XYState.cpp */ = {isa = PBXFileReference; fileEncoding = 4; lastKnownFileType = sourcecode.cpp.cpp; path = XYState.cpp; sourceTree = "<group>"; };
		D60934B81684EC6300F85074 /* XYState.h */ = {isa = PBXFileReference; fileEncoding = 4; lastKnownFileType = sourcecode.c.h; path = XYState.h; sourceTree = "<group>"; };
		D60934BB1685007000F85074 /* aps_input_JoystickInput.cpp */ = {isa = PBXFileReference; fileEncoding = 4; lastKnownFileType = sourcecode.cpp.cpp; name = aps_input_JoystickInput.cpp; path = tolua/aps_input_JoystickInput.cpp; sourceTree = "<group>"; };
		D60934BC1685007000F85074 /* aps_input_JoystickInput.h */ = {isa = PBXFileReference; fileEncoding = 4; lastKnownFileType = sourcecode.c.h; name = aps_input_JoystickInput.h; path = tolua/aps_input_JoystickInput.h; sourceTree = "<group>"; };
		D60934BD1685007000F85074 /* aps_input_JoystickInput.tolua */ = {isa = PBXFileReference; fileEncoding = 4; lastKnownFileType = text; name = aps_input_JoystickInput.tolua; path = tolua/aps_input_JoystickInput.tolua; sourceTree = "<group>"; };
		D60934BE1685007000F85074 /* aps_input_XYState.cpp */ = {isa = PBXFileReference; fileEncoding = 4; lastKnownFileType = sourcecode.cpp.cpp; name = aps_input_XYState.cpp; path = tolua/aps_input_XYState.cpp; sourceTree = "<group>"; };
		D60934BF1685007000F85074 /* aps_input_XYState.h */ = {isa = PBXFileReference; fileEncoding = 4; lastKnownFileType = sourcecode.c.h; name = aps_input_XYState.h; path = tolua/aps_input_XYState.h; sourceTree = "<group>"; };
		D60934C01685007000F85074 /* aps_input_XYState.tolua */ = {isa = PBXFileReference; fileEncoding = 4; lastKnownFileType = text; name = aps_input_XYState.tolua; path = tolua/aps_input_XYState.tolua; sourceTree = "<group>"; };
		D60A7A0A166520C900AE87C5 /* GLFWTest */ = {isa = PBXFileReference; explicitFileType = "compiled.mach-o.executable"; includeInIndex = 0; path = GLFWTest; sourceTree = BUILT_PRODUCTS_DIR; };
		D60A7A0E166520C900AE87C5 /* main.cpp */ = {isa = PBXFileReference; lastKnownFileType = sourcecode.cpp.cpp; path = main.cpp; sourceTree = "<group>"; };
		D60A7A10166520C900AE87C5 /* GLFWTest.1 */ = {isa = PBXFileReference; lastKnownFileType = text.man; path = GLFWTest.1; sourceTree = "<group>"; };
		D60A7A17166521EC00AE87C5 /* libglfw.a */ = {isa = PBXFileReference; lastKnownFileType = archive.ar; name = libglfw.a; path = /usr/local/Cellar/glfw/2.7.6/lib/libglfw.a; sourceTree = "<absolute>"; };
		D60A7A191665228300AE87C5 /* OpenGL.framework */ = {isa = PBXFileReference; lastKnownFileType = wrapper.framework; name = OpenGL.framework; path = System/Library/Frameworks/OpenGL.framework; sourceTree = SDKROOT; };
		D60A7A1B1665282300AE87C5 /* GLFW.cpp */ = {isa = PBXFileReference; fileEncoding = 4; lastKnownFileType = sourcecode.cpp.cpp; path = GLFW.cpp; sourceTree = "<group>"; };
		D60A7A1C1665282300AE87C5 /* GLFW.h */ = {isa = PBXFileReference; fileEncoding = 4; lastKnownFileType = sourcecode.c.h; path = GLFW.h; sourceTree = "<group>"; };
		D60C6655166DEAC6005C7CC8 /* liblua.5.1.4.dylib */ = {isa = PBXFileReference; lastKnownFileType = "compiled.mach-o.dylib"; name = liblua.5.1.4.dylib; path = /usr/local/Cellar/lua/5.1.4/lib/liblua.5.1.4.dylib; sourceTree = "<absolute>"; };
		D60C6657166DF004005C7CC8 /* OpenAL.framework */ = {isa = PBXFileReference; lastKnownFileType = wrapper.framework; name = OpenAL.framework; path = System/Library/Frameworks/OpenAL.framework; sourceTree = SDKROOT; };
		D60C665A166DF203005C7CC8 /* LuaManager.cpp */ = {isa = PBXFileReference; fileEncoding = 4; lastKnownFileType = sourcecode.cpp.cpp; path = LuaManager.cpp; sourceTree = "<group>"; };
		D60C665B166DF203005C7CC8 /* LuaManager.h */ = {isa = PBXFileReference; fileEncoding = 4; lastKnownFileType = sourcecode.c.h; path = LuaManager.h; sourceTree = "<group>"; };
		D61240D216846F2A00298B2E /* aps_sound_Mixer.cpp */ = {isa = PBXFileReference; fileEncoding = 4; lastKnownFileType = sourcecode.cpp.cpp; name = aps_sound_Mixer.cpp; path = tolua/aps_sound_Mixer.cpp; sourceTree = "<group>"; };
		D61240D316846F2A00298B2E /* aps_sound_Mixer.h */ = {isa = PBXFileReference; fileEncoding = 4; lastKnownFileType = sourcecode.c.h; name = aps_sound_Mixer.h; path = tolua/aps_sound_Mixer.h; sourceTree = "<group>"; };
		D61240D616846F3300298B2E /* aps_sound_Mixer.tolua */ = {isa = PBXFileReference; lastKnownFileType = text; name = aps_sound_Mixer.tolua; path = tolua/aps_sound_Mixer.tolua; sourceTree = "<group>"; };
		D61880B3167192B2006E94EE /* MersenneTwister.cpp */ = {isa = PBXFileReference; fileEncoding = 4; lastKnownFileType = sourcecode.cpp.cpp; path = MersenneTwister.cpp; sourceTree = "<group>"; };
		D61880B4167192B2006E94EE /* MersenneTwister.h */ = {isa = PBXFileReference; fileEncoding = 4; lastKnownFileType = sourcecode.c.h; path = MersenneTwister.h; sourceTree = "<group>"; };
		D61880B616719473006E94EE /* aps_random_MersenneTwister.cpp */ = {isa = PBXFileReference; fileEncoding = 4; lastKnownFileType = sourcecode.cpp.cpp; name = aps_random_MersenneTwister.cpp; path = tolua/aps_random_MersenneTwister.cpp; sourceTree = "<group>"; };
		D61880B716719473006E94EE /* aps_random_MersenneTwister.h */ = {isa = PBXFileReference; fileEncoding = 4; lastKnownFileType = sourcecode.c.h; name = aps_random_MersenneTwister.h; path = tolua/aps_random_MersenneTwister.h; sourceTree = "<group>"; };
		D61880B816719473006E94EE /* aps_random_MersenneTwister.tolua */ = {isa = PBXFileReference; fileEncoding = 4; lastKnownFileType = text; name = aps_random_MersenneTwister.tolua; path = tolua/aps_random_MersenneTwister.tolua; sourceTree = "<group>"; };
		D6590D30166CB7AD004A504A /* GLHeader.h */ = {isa = PBXFileReference; lastKnownFileType = sourcecode.c.h; path = GLHeader.h; sourceTree = "<group>"; };
		D6760C091675E3D6005B9821 /* ShapeEngine.cpp */ = {isa = PBXFileReference; fileEncoding = 4; lastKnownFileType = sourcecode.cpp.cpp; path = ShapeEngine.cpp; sourceTree = "<group>"; };
		D6760C0A1675E3D6005B9821 /* ShapeEngine.h */ = {isa = PBXFileReference; fileEncoding = 4; lastKnownFileType = sourcecode.c.h; path = ShapeEngine.h; sourceTree = "<group>"; };
		D691344C1680872700BDBFB3 /* Buffer.cpp */ = {isa = PBXFileReference; fileEncoding = 4; lastKnownFileType = sourcecode.cpp.cpp; path = Buffer.cpp; sourceTree = "<group>"; };
		D691344D1680872700BDBFB3 /* Buffer.h */ = {isa = PBXFileReference; fileEncoding = 4; lastKnownFileType = sourcecode.c.h; path = Buffer.h; sourceTree = "<group>"; };
		D691344E1680872700BDBFB3 /* Source.cpp */ = {isa = PBXFileReference; fileEncoding = 4; lastKnownFileType = sourcecode.cpp.cpp; path = Source.cpp; sourceTree = "<group>"; };
		D691344F1680872700BDBFB3 /* Source.h */ = {isa = PBXFileReference; fileEncoding = 4; lastKnownFileType = sourcecode.c.h; path = Source.h; sourceTree = "<group>"; };
		D69134531680878A00BDBFB3 /* ALHeader.h */ = {isa = PBXFileReference; fileEncoding = 4; lastKnownFileType = sourcecode.c.h; path = ALHeader.h; sourceTree = "<group>"; };
		D69134541680893E00BDBFB3 /* Device.cpp */ = {isa = PBXFileReference; fileEncoding = 4; lastKnownFileType = sourcecode.cpp.cpp; path = Device.cpp; sourceTree = "<group>"; };
		D69134551680893E00BDBFB3 /* Device.h */ = {isa = PBXFileReference; fileEncoding = 4; lastKnownFileType = sourcecode.c.h; path = Device.h; sourceTree = "<group>"; };
		D69134571680B8D700BDBFB3 /* Context.cpp */ = {isa = PBXFileReference; fileEncoding = 4; lastKnownFileType = sourcecode.cpp.cpp; path = Context.cpp; sourceTree = "<group>"; };
		D69134581680B8D700BDBFB3 /* Context.h */ = {isa = PBXFileReference; fileEncoding = 4; lastKnownFileType = sourcecode.c.h; path = Context.h; sourceTree = "<group>"; };
		D691345A1680CBD900BDBFB3 /* libogg.a */ = {isa = PBXFileReference; lastKnownFileType = archive.ar; name = libogg.a; path = /usr/local/Cellar/libogg/1.3.0/lib/libogg.a; sourceTree = "<absolute>"; };
		D691345C1680CC3400BDBFB3 /* libvorbis.a */ = {isa = PBXFileReference; lastKnownFileType = archive.ar; name = libvorbis.a; path = /usr/local/Cellar/libvorbis/1.3.3/lib/libvorbis.a; sourceTree = "<absolute>"; };
		D691345D1680CC3400BDBFB3 /* libvorbisfile.a */ = {isa = PBXFileReference; lastKnownFileType = archive.ar; name = libvorbisfile.a; path = /usr/local/Cellar/libvorbis/1.3.3/lib/libvorbisfile.a; sourceTree = "<absolute>"; };
		D691346D168234CD00BDBFB3 /* Mixer.cpp */ = {isa = PBXFileReference; fileEncoding = 4; lastKnownFileType = sourcecode.cpp.cpp; path = Mixer.cpp; sourceTree = "<group>"; };
		D691346E168234CD00BDBFB3 /* Mixer.h */ = {isa = PBXFileReference; fileEncoding = 4; lastKnownFileType = sourcecode.c.h; path = Mixer.h; sourceTree = "<group>"; };
		D691346F168234CD00BDBFB3 /* Vorbis.cpp */ = {isa = PBXFileReference; fileEncoding = 4; lastKnownFileType = sourcecode.cpp.cpp; path = Vorbis.cpp; sourceTree = "<group>"; };
		D6913470168234CD00BDBFB3 /* Vorbis.h */ = {isa = PBXFileReference; fileEncoding = 4; lastKnownFileType = sourcecode.c.h; path = Vorbis.h; sourceTree = "<group>"; };
		D69134731682354400BDBFB3 /* Wave.cpp */ = {isa = PBXFileReference; fileEncoding = 4; lastKnownFileType = sourcecode.cpp.cpp; path = Wave.cpp; sourceTree = "<group>"; };
		D69134741682354400BDBFB3 /* Wave.h */ = {isa = PBXFileReference; fileEncoding = 4; lastKnownFileType = sourcecode.c.h; path = Wave.h; sourceTree = "<group>"; };
		D691347A1683091E00BDBFB3 /* MediaFile.cpp */ = {isa = PBXFileReference; fileEncoding = 4; lastKnownFileType = sourcecode.cpp.cpp; path = MediaFile.cpp; sourceTree = "<group>"; };
		D691347B1683091E00BDBFB3 /* MediaFile.h */ = {isa = PBXFileReference; fileEncoding = 4; lastKnownFileType = sourcecode.c.h; path = MediaFile.h; sourceTree = "<group>"; };
		D691347F16831A1600BDBFB3 /* BinaryReader.cpp */ = {isa = PBXFileReference; fileEncoding = 4; lastKnownFileType = sourcecode.cpp.cpp; path = BinaryReader.cpp; sourceTree = "<group>"; };
		D691348016831A1600BDBFB3 /* BinaryReader.h */ = {isa = PBXFileReference; fileEncoding = 4; lastKnownFileType = sourcecode.c.h; path = BinaryReader.h; sourceTree = "<group>"; };
		D6965BA7166B8B7900C6E53C /* GlyphBitmap.cpp */ = {isa = PBXFileReference; fileEncoding = 4; lastKnownFileType = sourcecode.cpp.cpp; path = GlyphBitmap.cpp; sourceTree = "<group>"; };
		D6965BA8166B8B7900C6E53C /* GlyphBitmap.h */ = {isa = PBXFileReference; fileEncoding = 4; lastKnownFileType = sourcecode.c.h; path = GlyphBitmap.h; sourceTree = "<group>"; };
		D6965BAA166B8B7900C6E53C /* Manager.cpp */ = {isa = PBXFileReference; fileEncoding = 4; lastKnownFileType = sourcecode.cpp.cpp; path = Manager.cpp; sourceTree = "<group>"; };
		D6965BAB166B8B7900C6E53C /* Manager.h */ = {isa = PBXFileReference; fileEncoding = 4; lastKnownFileType = sourcecode.c.h; path = Manager.h; sourceTree = "<group>"; };
		D6965BAD166B8B7900C6E53C /* Texture2D.cpp */ = {isa = PBXFileReference; fileEncoding = 4; lastKnownFileType = sourcecode.cpp.cpp; path = Texture2D.cpp; sourceTree = "<group>"; };
		D6965BAE166B8B7900C6E53C /* Texture2D.h */ = {isa = PBXFileReference; fileEncoding = 4; lastKnownFileType = sourcecode.c.h; path = Texture2D.h; sourceTree = "<group>"; };
		D6965BB4166B921E00C6E53C /* libfreetype.a */ = {isa = PBXFileReference; lastKnownFileType = archive.ar; name = libfreetype.a; path = /usr/local/Cellar/freetype/2.4.10/lib/libfreetype.a; sourceTree = "<absolute>"; };
		D6965BB6166B95E800C6E53C /* ShapeContainer.cpp */ = {isa = PBXFileReference; fileEncoding = 4; lastKnownFileType = sourcecode.cpp.cpp; path = ShapeContainer.cpp; sourceTree = "<group>"; };
		D6965BB7166B95E800C6E53C /* ShapeContainer.h */ = {isa = PBXFileReference; fileEncoding = 4; lastKnownFileType = sourcecode.c.h; path = ShapeContainer.h; sourceTree = "<group>"; };
		D6965BB8166B95E800C6E53C /* ShapeElement.cpp */ = {isa = PBXFileReference; fileEncoding = 4; lastKnownFileType = sourcecode.cpp.cpp; path = ShapeElement.cpp; sourceTree = "<group>"; };
		D6965BB9166B95E800C6E53C /* ShapeElement.h */ = {isa = PBXFileReference; fileEncoding = 4; lastKnownFileType = sourcecode.c.h; path = ShapeElement.h; sourceTree = "<group>"; };
		D6965BC1166BA42500C6E53C /* Fontex.cpp */ = {isa = PBXFileReference; fileEncoding = 4; lastKnownFileType = sourcecode.cpp.cpp; path = Fontex.cpp; sourceTree = "<group>"; };
		D6965BC2166BA42500C6E53C /* Fontex.h */ = {isa = PBXFileReference; fileEncoding = 4; lastKnownFileType = sourcecode.c.h; path = Fontex.h; sourceTree = "<group>"; };
		D6FD449D166E4365009F9455 /* libtolua++.a */ = {isa = PBXFileReference; lastKnownFileType = archive.ar; name = "libtolua++.a"; path = "/usr/local/Cellar/tolua++/1.0.93/lib/libtolua++.a"; sourceTree = "<absolute>"; };
		D6FD44A1166E4399009F9455 /* aps_font_Manager.cpp */ = {isa = PBXFileReference; fileEncoding = 4; lastKnownFileType = sourcecode.cpp.cpp; name = aps_font_Manager.cpp; path = tolua/aps_font_Manager.cpp; sourceTree = "<group>"; };
		D6FD44A2166E4399009F9455 /* aps_font_Manager.h */ = {isa = PBXFileReference; fileEncoding = 4; lastKnownFileType = sourcecode.c.h; name = aps_font_Manager.h; path = tolua/aps_font_Manager.h; sourceTree = "<group>"; };
		D6FD44A4166E45DD009F9455 /* aps_gl_ShapeContainer.cpp */ = {isa = PBXFileReference; fileEncoding = 4; lastKnownFileType = sourcecode.cpp.cpp; name = aps_gl_ShapeContainer.cpp; path = tolua/aps_gl_ShapeContainer.cpp; sourceTree = "<group>"; };
		D6FD44A5166E45DD009F9455 /* aps_gl_ShapeContainer.h */ = {isa = PBXFileReference; fileEncoding = 4; lastKnownFileType = sourcecode.c.h; name = aps_gl_ShapeContainer.h; path = tolua/aps_gl_ShapeContainer.h; sourceTree = "<group>"; };
		D6FD44A6166E45DD009F9455 /* aps_gl_ShapeElement.cpp */ = {isa = PBXFileReference; fileEncoding = 4; lastKnownFileType = sourcecode.cpp.cpp; name = aps_gl_ShapeElement.cpp; path = tolua/aps_gl_ShapeElement.cpp; sourceTree = "<group>"; };
		D6FD44A7166E45DD009F9455 /* aps_gl_ShapeElement.h */ = {isa = PBXFileReference; fileEncoding = 4; lastKnownFileType = sourcecode.c.h; name = aps_gl_ShapeElement.h; path = tolua/aps_gl_ShapeElement.h; sourceTree = "<group>"; };
		D6FD44A8166E45DD009F9455 /* aps_gl_Texture2D.cpp */ = {isa = PBXFileReference; fileEncoding = 4; lastKnownFileType = sourcecode.cpp.cpp; name = aps_gl_Texture2D.cpp; path = tolua/aps_gl_Texture2D.cpp; sourceTree = "<group>"; };
		D6FD44A9166E45DD009F9455 /* aps_gl_Texture2D.h */ = {isa = PBXFileReference; fileEncoding = 4; lastKnownFileType = sourcecode.c.h; name = aps_gl_Texture2D.h; path = tolua/aps_gl_Texture2D.h; sourceTree = "<group>"; };
		D6FD44AF166E47CD009F9455 /* aps_fontex_Fontex.cpp */ = {isa = PBXFileReference; fileEncoding = 4; lastKnownFileType = sourcecode.cpp.cpp; name = aps_fontex_Fontex.cpp; path = tolua/aps_fontex_Fontex.cpp; sourceTree = "<group>"; };
		D6FD44B1166E47DC009F9455 /* aps_fontex_Fontex.h */ = {isa = PBXFileReference; fileEncoding = 4; lastKnownFileType = sourcecode.c.h; name = aps_fontex_Fontex.h; path = tolua/aps_fontex_Fontex.h; sourceTree = "<group>"; };
		D6FD44B2166E47E8009F9455 /* aps_font_Manager.tolua */ = {isa = PBXFileReference; lastKnownFileType = text; name = aps_font_Manager.tolua; path = tolua/aps_font_Manager.tolua; sourceTree = "<group>"; };
		D6FD44B3166E47E8009F9455 /* aps_fontex_Fontex.tolua */ = {isa = PBXFileReference; lastKnownFileType = text; name = aps_fontex_Fontex.tolua; path = tolua/aps_fontex_Fontex.tolua; sourceTree = "<group>"; };
		D6FD44B4166E47E9009F9455 /* aps_gl_ShapeContainer.tolua */ = {isa = PBXFileReference; lastKnownFileType = text; name = aps_gl_ShapeContainer.tolua; path = tolua/aps_gl_ShapeContainer.tolua; sourceTree = "<group>"; };
		D6FD44B5166E47E9009F9455 /* aps_gl_ShapeElement.tolua */ = {isa = PBXFileReference; lastKnownFileType = text; name = aps_gl_ShapeElement.tolua; path = tolua/aps_gl_ShapeElement.tolua; sourceTree = "<group>"; };
		D6FD44B6166E47E9009F9455 /* aps_gl_Texture2D.tolua */ = {isa = PBXFileReference; lastKnownFileType = text; name = aps_gl_Texture2D.tolua; path = tolua/aps_gl_Texture2D.tolua; sourceTree = "<group>"; };
		D6FD44B8166E496A009F9455 /* BindToLua.h */ = {isa = PBXFileReference; fileEncoding = 4; lastKnownFileType = sourcecode.c.h; name = BindToLua.h; path = tolua/BindToLua.h; sourceTree = "<group>"; };
		D6FD44BE166E6E3C009F9455 /* Color.cpp */ = {isa = PBXFileReference; fileEncoding = 4; lastKnownFileType = sourcecode.cpp.cpp; path = Color.cpp; sourceTree = "<group>"; };
		D6FD44BF166E6E3C009F9455 /* Color.h */ = {isa = PBXFileReference; fileEncoding = 4; lastKnownFileType = sourcecode.c.h; path = Color.h; sourceTree = "<group>"; };
		D6FD44C2166E74EF009F9455 /* aps_gl_Color.h */ = {isa = PBXFileReference; fileEncoding = 4; lastKnownFileType = sourcecode.c.h; name = aps_gl_Color.h; path = tolua/aps_gl_Color.h; sourceTree = "<group>"; };
		D6FD44C3166E74EF009F9455 /* aps_gl_Color.cpp */ = {isa = PBXFileReference; fileEncoding = 4; lastKnownFileType = sourcecode.cpp.cpp; name = aps_gl_Color.cpp; path = tolua/aps_gl_Color.cpp; sourceTree = "<group>"; };
		D6FD44C4166E74F0009F9455 /* aps_gl_Color.tolua */ = {isa = PBXFileReference; fileEncoding = 4; lastKnownFileType = text; name = aps_gl_Color.tolua; path = tolua/aps_gl_Color.tolua; sourceTree = "<group>"; };
		D6FE77A91670D89600EF11D8 /* ButtonInput.cpp */ = {isa = PBXFileReference; fileEncoding = 4; lastKnownFileType = sourcecode.cpp.cpp; path = ButtonInput.cpp; sourceTree = "<group>"; };
		D6FE77AA1670D89600EF11D8 /* ButtonInput.h */ = {isa = PBXFileReference; fileEncoding = 4; lastKnownFileType = sourcecode.c.h; path = ButtonInput.h; sourceTree = "<group>"; };
		D6FE77AB1670D89600EF11D8 /* ButtonState.cpp */ = {isa = PBXFileReference; fileEncoding = 4; lastKnownFileType = sourcecode.cpp.cpp; path = ButtonState.cpp; sourceTree = "<group>"; };
		D6FE77AC1670D89600EF11D8 /* ButtonState.h */ = {isa = PBXFileReference; fileEncoding = 4; lastKnownFileType = sourcecode.c.h; path = ButtonState.h; sourceTree = "<group>"; };
		D6FE77AD1670D89600EF11D8 /* KeyBoardInput.cpp */ = {isa = PBXFileReference; fileEncoding = 4; lastKnownFileType = sourcecode.cpp.cpp; path = KeyBoardInput.cpp; sourceTree = "<group>"; };
		D6FE77AE1670D89600EF11D8 /* KeyBoardInput.h */ = {isa = PBXFileReference; fileEncoding = 4; lastKnownFileType = sourcecode.c.h; path = KeyBoardInput.h; sourceTree = "<group>"; };
		D6FE77B21670E4CE00EF11D8 /* aps_input_ButtonState.cpp */ = {isa = PBXFileReference; fileEncoding = 4; lastKnownFileType = sourcecode.cpp.cpp; name = aps_input_ButtonState.cpp; path = tolua/aps_input_ButtonState.cpp; sourceTree = "<group>"; };
		D6FE77B31670E4CE00EF11D8 /* aps_input_ButtonState.h */ = {isa = PBXFileReference; fileEncoding = 4; lastKnownFileType = sourcecode.c.h; name = aps_input_ButtonState.h; path = tolua/aps_input_ButtonState.h; sourceTree = "<group>"; };
		D6FE77B41670E4CF00EF11D8 /* aps_input_ButtonState.tolua */ = {isa = PBXFileReference; fileEncoding = 4; lastKnownFileType = text; name = aps_input_ButtonState.tolua; path = tolua/aps_input_ButtonState.tolua; sourceTree = "<group>"; };
		D6FE77B51670E4D000EF11D8 /* aps_input_KeyBoardInput.cpp */ = {isa = PBXFileReference; fileEncoding = 4; lastKnownFileType = sourcecode.cpp.cpp; name = aps_input_KeyBoardInput.cpp; path = tolua/aps_input_KeyBoardInput.cpp; sourceTree = "<group>"; };
		D6FE77B61670E4D100EF11D8 /* aps_input_KeyBoardInput.h */ = {isa = PBXFileReference; fileEncoding = 4; lastKnownFileType = sourcecode.c.h; name = aps_input_KeyBoardInput.h; path = tolua/aps_input_KeyBoardInput.h; sourceTree = "<group>"; };
		D6FE77B71670E4D100EF11D8 /* aps_input_KeyBoardInput.tolua */ = {isa = PBXFileReference; fileEncoding = 4; lastKnownFileType = text; name = aps_input_KeyBoardInput.tolua; path = tolua/aps_input_KeyBoardInput.tolua; sourceTree = "<group>"; };
/* End PBXFileReference section */

/* Begin PBXFrameworksBuildPhase section */
		D60A7A07166520C800AE87C5 /* Frameworks */ = {
			isa = PBXFrameworksBuildPhase;
			buildActionMask = 2147483647;
			files = (
				D691345E1680CC3400BDBFB3 /* libvorbis.a in Frameworks */,
				D691345F1680CC3400BDBFB3 /* libvorbisfile.a in Frameworks */,
				D691345B1680CBDA00BDBFB3 /* libogg.a in Frameworks */,
				D60C6658166DF004005C7CC8 /* OpenAL.framework in Frameworks */,
				D60A7A1A1665228300AE87C5 /* OpenGL.framework in Frameworks */,
				D6760C2016778BAA005B9821 /* liblua.5.1.4.dylib in Frameworks */,
				D6FD449E166E4365009F9455 /* libtolua++.a in Frameworks */,
				D60A7A18166521EC00AE87C5 /* libglfw.a in Frameworks */,
				D6965BB5166B921E00C6E53C /* libfreetype.a in Frameworks */,
			);
			runOnlyForDeploymentPostprocessing = 0;
		};
/* End PBXFrameworksBuildPhase section */

/* Begin PBXGroup section */
		D60A79FF166520C800AE87C5 = {
			isa = PBXGroup;
			children = (
				D60A7A0D166520C900AE87C5 /* GLFWTest */,
				D60A7A0B166520C900AE87C5 /* Products */,
			);
			sourceTree = "<group>";
		};
		D60A7A0B166520C900AE87C5 /* Products */ = {
			isa = PBXGroup;
			children = (
				D60A7A0A166520C900AE87C5 /* GLFWTest */,
			);
			name = Products;
			sourceTree = "<group>";
		};
		D60A7A0D166520C900AE87C5 /* GLFWTest */ = {
			isa = PBXGroup;
			children = (
				D6FD44A0166E4387009F9455 /* tolua */,
				D6965BA5166B8B7900C6E53C /* aps */,
				D60A7A191665228300AE87C5 /* OpenGL.framework */,
				D60C6657166DF004005C7CC8 /* OpenAL.framework */,
				D60A7A17166521EC00AE87C5 /* libglfw.a */,
				D6FD449D166E4365009F9455 /* libtolua++.a */,
				D6965BB4166B921E00C6E53C /* libfreetype.a */,
				D691345C1680CC3400BDBFB3 /* libvorbis.a */,
				D691345D1680CC3400BDBFB3 /* libvorbisfile.a */,
				D691345A1680CBD900BDBFB3 /* libogg.a */,
				D60C6655166DEAC6005C7CC8 /* liblua.5.1.4.dylib */,
				D60A7A1B1665282300AE87C5 /* GLFW.cpp */,
				D60A7A1C1665282300AE87C5 /* GLFW.h */,
				D60A7A0E166520C900AE87C5 /* main.cpp */,
				D60A7A10166520C900AE87C5 /* GLFWTest.1 */,
			);
			path = GLFWTest;
			sourceTree = "<group>";
		};
		D60C6659166DF203005C7CC8 /* lua */ = {
			isa = PBXGroup;
			children = (
				D60C665A166DF203005C7CC8 /* LuaManager.cpp */,
				D60C665B166DF203005C7CC8 /* LuaManager.h */,
			);
			path = lua;
			sourceTree = "<group>";
		};
		D61880B2167192B2006E94EE /* random */ = {
			isa = PBXGroup;
			children = (
				D61880B3167192B2006E94EE /* MersenneTwister.cpp */,
				D61880B4167192B2006E94EE /* MersenneTwister.h */,
			);
			path = random;
			sourceTree = "<group>";
		};
		D691344B1680872700BDBFB3 /* al */ = {
			isa = PBXGroup;
			children = (
				D691344C1680872700BDBFB3 /* Buffer.cpp */,
				D691344D1680872700BDBFB3 /* Buffer.h */,
				D691344E1680872700BDBFB3 /* Source.cpp */,
				D691344F1680872700BDBFB3 /* Source.h */,
				D69134541680893E00BDBFB3 /* Device.cpp */,
				D69134551680893E00BDBFB3 /* Device.h */,
				D69134531680878A00BDBFB3 /* ALHeader.h */,
				D69134571680B8D700BDBFB3 /* Context.cpp */,
				D69134581680B8D700BDBFB3 /* Context.h */,
			);
			path = al;
			sourceTree = "<group>";
		};
		D691346C168234CD00BDBFB3 /* sound */ = {
			isa = PBXGroup;
			children = (
				D691346D168234CD00BDBFB3 /* Mixer.cpp */,
				D691346E168234CD00BDBFB3 /* Mixer.h */,
				D691346F168234CD00BDBFB3 /* Vorbis.cpp */,
				D6913470168234CD00BDBFB3 /* Vorbis.h */,
				D69134731682354400BDBFB3 /* Wave.cpp */,
				D69134741682354400BDBFB3 /* Wave.h */,
				D691347A1683091E00BDBFB3 /* MediaFile.cpp */,
				D691347B1683091E00BDBFB3 /* MediaFile.h */,
			);
			path = sound;
			sourceTree = "<group>";
		};
		D691347E16831A0500BDBFB3 /* binary */ = {
			isa = PBXGroup;
			children = (
				D691347F16831A1600BDBFB3 /* BinaryReader.cpp */,
				D691348016831A1600BDBFB3 /* BinaryReader.h */,
			);
			path = binary;
			sourceTree = "<group>";
		};
		D6965BA5166B8B7900C6E53C /* aps */ = {
			isa = PBXGroup;
			children = (
				D691347E16831A0500BDBFB3 /* binary */,
				D691346C168234CD00BDBFB3 /* sound */,
				D691344B1680872700BDBFB3 /* al */,
				D61880B2167192B2006E94EE /* random */,
				D6FE77A81670D89600EF11D8 /* input */,
				D60C6659166DF203005C7CC8 /* lua */,
				D6965BC0166BA41400C6E53C /* fontex */,
				D6965BA6166B8B7900C6E53C /* font */,
				D6965BAC166B8B7900C6E53C /* gl */,
			);
			path = aps;
			sourceTree = "<group>";
		};
		D6965BA6166B8B7900C6E53C /* font */ = {
			isa = PBXGroup;
			children = (
				D6965BA7166B8B7900C6E53C /* GlyphBitmap.cpp */,
				D6965BA8166B8B7900C6E53C /* GlyphBitmap.h */,
				D6965BAA166B8B7900C6E53C /* Manager.cpp */,
				D6965BAB166B8B7900C6E53C /* Manager.h */,
			);
			path = font;
			sourceTree = "<group>";
		};
		D6965BAC166B8B7900C6E53C /* gl */ = {
			isa = PBXGroup;
			children = (
				D6965BB6166B95E800C6E53C /* ShapeContainer.cpp */,
				D6965BB7166B95E800C6E53C /* ShapeContainer.h */,
				D6965BB8166B95E800C6E53C /* ShapeElement.cpp */,
				D6965BB9166B95E800C6E53C /* ShapeElement.h */,
				D6965BAD166B8B7900C6E53C /* Texture2D.cpp */,
				D6965BAE166B8B7900C6E53C /* Texture2D.h */,
				D6590D30166CB7AD004A504A /* GLHeader.h */,
				D6FD44BE166E6E3C009F9455 /* Color.cpp */,
				D6FD44BF166E6E3C009F9455 /* Color.h */,
				D6760C091675E3D6005B9821 /* ShapeEngine.cpp */,
				D6760C0A1675E3D6005B9821 /* ShapeEngine.h */,
			);
			path = gl;
			sourceTree = "<group>";
		};
		D6965BC0166BA41400C6E53C /* fontex */ = {
			isa = PBXGroup;
			children = (
				D6965BC1166BA42500C6E53C /* Fontex.cpp */,
				D6965BC2166BA42500C6E53C /* Fontex.h */,
			);
			path = fontex;
			sourceTree = "<group>";
		};
		D6FD44A0166E4387009F9455 /* tolua */ = {
			isa = PBXGroup;
			children = (
				D6FD44A1166E4399009F9455 /* aps_font_Manager.cpp */,
				D6FD44A2166E4399009F9455 /* aps_font_Manager.h */,
				D6FD44B2166E47E8009F9455 /* aps_font_Manager.tolua */,
				D6FD44AF166E47CD009F9455 /* aps_fontex_Fontex.cpp */,
				D6FD44B1166E47DC009F9455 /* aps_fontex_Fontex.h */,
				D6FD44B3166E47E8009F9455 /* aps_fontex_Fontex.tolua */,
				D6FD44C3166E74EF009F9455 /* aps_gl_Color.cpp */,
				D6FD44C2166E74EF009F9455 /* aps_gl_Color.h */,
				D6FD44C4166E74F0009F9455 /* aps_gl_Color.tolua */,
				D6FD44A4166E45DD009F9455 /* aps_gl_ShapeContainer.cpp */,
				D6FD44A5166E45DD009F9455 /* aps_gl_ShapeContainer.h */,
				D6FD44B4166E47E9009F9455 /* aps_gl_ShapeContainer.tolua */,
				D6FD44A6166E45DD009F9455 /* aps_gl_ShapeElement.cpp */,
				D6FD44A7166E45DD009F9455 /* aps_gl_ShapeElement.h */,
				D6FD44B5166E47E9009F9455 /* aps_gl_ShapeElement.tolua */,
				D6FD44A8166E45DD009F9455 /* aps_gl_Texture2D.cpp */,
				D6FD44A9166E45DD009F9455 /* aps_gl_Texture2D.h */,
				D6FD44B6166E47E9009F9455 /* aps_gl_Texture2D.tolua */,
				D6FE77B21670E4CE00EF11D8 /* aps_input_ButtonState.cpp */,
				D6FE77B31670E4CE00EF11D8 /* aps_input_ButtonState.h */,
				D6FE77B41670E4CF00EF11D8 /* aps_input_ButtonState.tolua */,
				D60934BB1685007000F85074 /* aps_input_JoystickInput.cpp */,
				D60934BC1685007000F85074 /* aps_input_JoystickInput.h */,
				D60934BD1685007000F85074 /* aps_input_JoystickInput.tolua */,
				D6FE77B51670E4D000EF11D8 /* aps_input_KeyBoardInput.cpp */,
				D6FE77B61670E4D100EF11D8 /* aps_input_KeyBoardInput.h */,
				D6FE77B71670E4D100EF11D8 /* aps_input_KeyBoardInput.tolua */,
				D60934BE1685007000F85074 /* aps_input_XYState.cpp */,
				D60934BF1685007000F85074 /* aps_input_XYState.h */,
				D60934C01685007000F85074 /* aps_input_XYState.tolua */,
				D61880B616719473006E94EE /* aps_random_MersenneTwister.cpp */,
				D61880B716719473006E94EE /* aps_random_MersenneTwister.h */,
				D61880B816719473006E94EE /* aps_random_MersenneTwister.tolua */,
				D61240D216846F2A00298B2E /* aps_sound_Mixer.cpp */,
				D61240D316846F2A00298B2E /* aps_sound_Mixer.h */,
				D61240D616846F3300298B2E /* aps_sound_Mixer.tolua */,
				D6FD44B8166E496A009F9455 /* BindToLua.h */,
			);
			name = tolua;
			sourceTree = "<group>";
		};
		D6FE77A81670D89600EF11D8 /* input */ = {
			isa = PBXGroup;
			children = (
				D6FE77A91670D89600EF11D8 /* ButtonInput.cpp */,
				D6FE77AA1670D89600EF11D8 /* ButtonInput.h */,
				D60934B01684EC0300F85074 /* XYInput.cpp */,
				D60934B11684EC0300F85074 /* XYInput.h */,
				D60934B71684EC6300F85074 /* XYState.cpp */,
				D60934B81684EC6300F85074 /* XYState.h */,
				D6FE77AB1670D89600EF11D8 /* ButtonState.cpp */,
				D6FE77AC1670D89600EF11D8 /* ButtonState.h */,
				D6FE77AD1670D89600EF11D8 /* KeyBoardInput.cpp */,
				D6FE77AE1670D89600EF11D8 /* KeyBoardInput.h */,
				D60934A41684DE2800F85074 /* JoystickInput.cpp */,
				D60934A51684DE2800F85074 /* JoystickInput.h */,
			);
			path = input;
			sourceTree = "<group>";
		};
/* End PBXGroup section */

/* Begin PBXNativeTarget section */
		D60A7A09166520C800AE87C5 /* GLFWTest */ = {
			isa = PBXNativeTarget;
			buildConfigurationList = D60A7A14166520C900AE87C5 /* Build configuration list for PBXNativeTarget "GLFWTest" */;
			buildPhases = (
				D60A7A06166520C800AE87C5 /* Sources */,
				D60A7A07166520C800AE87C5 /* Frameworks */,
				D60A7A08166520C800AE87C5 /* CopyFiles */,
			);
			buildRules = (
			);
			dependencies = (
			);
			name = GLFWTest;
			productName = GLFWTest;
			productReference = D60A7A0A166520C900AE87C5 /* GLFWTest */;
			productType = "com.apple.product-type.tool";
		};
/* End PBXNativeTarget section */

/* Begin PBXProject section */
		D60A7A01166520C800AE87C5 /* Project object */ = {
			isa = PBXProject;
			attributes = {
				LastUpgradeCheck = 0450;
				ORGANIZATIONNAME = alprosys;
			};
			buildConfigurationList = D60A7A04166520C800AE87C5 /* Build configuration list for PBXProject "GLFWTest" */;
			compatibilityVersion = "Xcode 3.2";
			developmentRegion = English;
			hasScannedForEncodings = 0;
			knownRegions = (
				en,
			);
			mainGroup = D60A79FF166520C800AE87C5;
			productRefGroup = D60A7A0B166520C900AE87C5 /* Products */;
			projectDirPath = "";
			projectRoot = "";
			targets = (
				D60A7A09166520C800AE87C5 /* GLFWTest */,
			);
		};
/* End PBXProject section */

/* Begin PBXSourcesBuildPhase section */
		D60A7A06166520C800AE87C5 /* Sources */ = {
			isa = PBXSourcesBuildPhase;
			buildActionMask = 2147483647;
			files = (
				D60A7A0F166520C900AE87C5 /* main.cpp in Sources */,
				D6965BAF166B8B7900C6E53C /* GlyphBitmap.cpp in Sources */,
				D6965BB1166B8B7900C6E53C /* Manager.cpp in Sources */,
				D6965BBA166B95E900C6E53C /* ShapeContainer.cpp in Sources */,
				D6965BC3166BA42500C6E53C /* Fontex.cpp in Sources */,
				D634CDD2166C9DF300BA5F0B /* ShapeElement.cpp in Sources */,
				D634CDD3166C9DFC00BA5F0B /* GLFW.cpp in Sources */,
				D60C6650166DE78A005C7CC8 /* Texture2D.cpp in Sources */,
				D60C665C166DF203005C7CC8 /* LuaManager.cpp in Sources */,
				D6FD44A3166E4399009F9455 /* aps_font_Manager.cpp in Sources */,
				D6FD44AA166E45DD009F9455 /* aps_gl_ShapeContainer.cpp in Sources */,
				D6FD44AB166E45DD009F9455 /* aps_gl_ShapeElement.cpp in Sources */,
				D6FD44AC166E45DD009F9455 /* aps_gl_Texture2D.cpp in Sources */,
				D6FD44B0166E47CD009F9455 /* aps_fontex_Fontex.cpp in Sources */,
				D6FD44B9166E4991009F9455 /* BindToLua.h in Sources */,
				D6FD44C0166E6E3C009F9455 /* Color.cpp in Sources */,
				D6FD44C5166E74F0009F9455 /* aps_gl_Color.cpp in Sources */,
				D6FE77AF1670D89600EF11D8 /* ButtonInput.cpp in Sources */,
				D6FE77B01670D89600EF11D8 /* ButtonState.cpp in Sources */,
				D6FE77B11670D89600EF11D8 /* KeyBoardInput.cpp in Sources */,
				D6FE77B81670E4D200EF11D8 /* aps_input_ButtonState.cpp in Sources */,
				D6FE77B91670E4D200EF11D8 /* aps_input_KeyBoardInput.cpp in Sources */,
				D61880B5167192B2006E94EE /* MersenneTwister.cpp in Sources */,
				D61880B916719473006E94EE /* aps_random_MersenneTwister.cpp in Sources */,
				D6760C0B1675E3D6005B9821 /* ShapeEngine.cpp in Sources */,
				D69134501680872700BDBFB3 /* Buffer.cpp in Sources */,
				D69134511680872700BDBFB3 /* Source.cpp in Sources */,
				D69134561680893E00BDBFB3 /* Device.cpp in Sources */,
				D69134591680B8D700BDBFB3 /* Context.cpp in Sources */,
				D6913471168234CD00BDBFB3 /* Mixer.cpp in Sources */,
				D6913472168234CD00BDBFB3 /* Vorbis.cpp in Sources */,
				D69134751682354400BDBFB3 /* Wave.cpp in Sources */,
				D691347C1683091E00BDBFB3 /* MediaFile.cpp in Sources */,
				D691348116831A1600BDBFB3 /* BinaryReader.cpp in Sources */,
				D61240D416846F2A00298B2E /* aps_sound_Mixer.cpp in Sources */,
				D60934A61684DE2800F85074 /* JoystickInput.cpp in Sources */,
				D60934B21684EC0400F85074 /* XYInput.cpp in Sources */,
				D60934B91684EC6300F85074 /* XYState.cpp in Sources */,
				D60934C11685007000F85074 /* aps_input_JoystickInput.cpp in Sources */,
				D60934C21685007000F85074 /* aps_input_XYState.cpp in Sources */,
			);
			runOnlyForDeploymentPostprocessing = 0;
		};
/* End PBXSourcesBuildPhase section */

/* Begin XCBuildConfiguration section */
		D60A7A12166520C900AE87C5 /* Debug */ = {
			isa = XCBuildConfiguration;
			buildSettings = {
				ALWAYS_SEARCH_USER_PATHS = NO;
				ARCHS = "$(ARCHS_STANDARD_64_BIT)";
				CLANG_CXX_LANGUAGE_STANDARD = "gnu++0x";
				CLANG_CXX_LIBRARY = "libc++";
				CLANG_ENABLE_OBJC_ARC = YES;
				CLANG_WARN_EMPTY_BODY = YES;
				CLANG_WARN__DUPLICATE_METHOD_MATCH = YES;
				COPY_PHASE_STRIP = NO;
				GCC_C_LANGUAGE_STANDARD = gnu99;
				GCC_DYNAMIC_NO_PIC = NO;
				GCC_ENABLE_OBJC_EXCEPTIONS = YES;
				GCC_OPTIMIZATION_LEVEL = 0;
				GCC_PREPROCESSOR_DEFINITIONS = (
					"DEBUG=1",
					"$(inherited)",
				);
				GCC_SYMBOLS_PRIVATE_EXTERN = NO;
				GCC_WARN_64_TO_32_BIT_CONVERSION = YES;
				GCC_WARN_ABOUT_RETURN_TYPE = YES;
				GCC_WARN_UNINITIALIZED_AUTOS = YES;
				GCC_WARN_UNUSED_VARIABLE = YES;
				MACOSX_DEPLOYMENT_TARGET = 10.8;
				ONLY_ACTIVE_ARCH = YES;
				SDKROOT = macosx;
			};
			name = Debug;
		};
		D60A7A13166520C900AE87C5 /* Release */ = {
			isa = XCBuildConfiguration;
			buildSettings = {
				ALWAYS_SEARCH_USER_PATHS = NO;
				ARCHS = "$(ARCHS_STANDARD_64_BIT)";
				CLANG_CXX_LANGUAGE_STANDARD = "gnu++0x";
				CLANG_CXX_LIBRARY = "libc++";
				CLANG_ENABLE_OBJC_ARC = YES;
				CLANG_WARN_EMPTY_BODY = YES;
				CLANG_WARN__DUPLICATE_METHOD_MATCH = YES;
				COPY_PHASE_STRIP = YES;
				DEBUG_INFORMATION_FORMAT = "dwarf-with-dsym";
				GCC_C_LANGUAGE_STANDARD = gnu99;
				GCC_ENABLE_OBJC_EXCEPTIONS = YES;
				GCC_WARN_64_TO_32_BIT_CONVERSION = YES;
				GCC_WARN_ABOUT_RETURN_TYPE = YES;
				GCC_WARN_UNINITIALIZED_AUTOS = YES;
				GCC_WARN_UNUSED_VARIABLE = YES;
				MACOSX_DEPLOYMENT_TARGET = 10.8;
				SDKROOT = macosx;
			};
			name = Release;
		};
		D60A7A15166520C900AE87C5 /* Debug */ = {
			isa = XCBuildConfiguration;
			buildSettings = {
				ADDITIONAL_SDKS = " ";
				HEADER_SEARCH_PATHS = (
					/usr/local/include,
					/usr/local/include/freetype2,
				);
				LIBRARY_SEARCH_PATHS = (
					"$(inherited)",
					/usr/local/Cellar/glfw/2.7.6/lib,
					"\"$(SRCROOT)/GLFWTest/aps/font\"",
					/usr/local/Cellar/freetype/2.4.10/lib,
					/usr/local/Cellar/lua/5.1.4/lib,
					"\"/usr/local/Cellar/tolua++/1.0.93/lib\"",
					/usr/local/Cellar/luajit/2.0.0/lib,
					/usr/local/Cellar/libogg/1.3.0/lib,
					/usr/local/Cellar/libvorbis/1.3.3/lib,
					/usr/local/Cellar/msgpack/0.5.7/lib,
				);
				PRODUCT_NAME = "$(TARGET_NAME)";
			};
			name = Debug;
		};
		D60A7A16166520C900AE87C5 /* Release */ = {
			isa = XCBuildConfiguration;
			buildSettings = {
				ADDITIONAL_SDKS = " ";
				GCC_PREPROCESSOR_DEFINITIONS = NDEBUG;
				HEADER_SEARCH_PATHS = (
					/usr/local/include,
					/usr/local/include/freetype2,
				);
				LIBRARY_SEARCH_PATHS = (
					"$(inherited)",
					/usr/local/Cellar/glfw/2.7.6/lib,
					"\"$(SRCROOT)/GLFWTest/aps/font\"",
					/usr/local/Cellar/freetype/2.4.10/lib,
					/usr/local/Cellar/lua/5.1.4/lib,
					"\"/usr/local/Cellar/tolua++/1.0.93/lib\"",
					/usr/local/Cellar/luajit/2.0.0/lib,
					/usr/local/Cellar/libogg/1.3.0/lib,
					/usr/local/Cellar/libvorbis/1.3.3/lib,
					/usr/local/Cellar/msgpack/0.5.7/lib,
				);
				PRODUCT_NAME = "$(TARGET_NAME)";
			};
			name = Release;
		};
/* End XCBuildConfiguration section */

/* Begin XCConfigurationList section */
		D60A7A04166520C800AE87C5 /* Build configuration list for PBXProject "GLFWTest" */ = {
			isa = XCConfigurationList;
			buildConfigurations = (
				D60A7A12166520C900AE87C5 /* Debug */,
				D60A7A13166520C900AE87C5 /* Release */,
			);
			defaultConfigurationIsVisible = 0;
			defaultConfigurationName = Release;
		};
		D60A7A14166520C900AE87C5 /* Build configuration list for PBXNativeTarget "GLFWTest" */ = {
			isa = XCConfigurationList;
			buildConfigurations = (
				D60A7A15166520C900AE87C5 /* Debug */,
				D60A7A16166520C900AE87C5 /* Release */,
			);
			defaultConfigurationIsVisible = 0;
			defaultConfigurationName = Release;
		};
/* End XCConfigurationList section */
	};
	rootObject = D60A7A01166520C800AE87C5 /* Project object */;
}
